{
  "nodes": {
    "nixpkgs": {
      "locked": {
        "lastModified": 1785454630,
        "narHash": "sha256-LQy14TZp77TwbQf40gg1V3jo8FwJG0jGDkAH+zRHqg8=",
        "owner": "NixOS",
        "repo": "nixpkgs",
        "rev": "1559d3daa3ecc813a650b79375ea61b6741b8746",
        "type": "github"
      },
      "original": {
        "owner": "NixOS",
        "ref": "nixos-unstable",
        "repo": "nixpkgs",
        "type": "github"
      }
    },
    "root": {
      "inputs": {
        "nixpkgs": "nixpkgs",
        "vidya": "vidya"
      }
    },
    "vidya": {
      "flake": false,
      "locked": {
        "lastModified": 1785542525,
        "narHash": "sha256-WcA5jn6nlqWpXe5sXoLa/BP5ByVWdDpPTpZaSay96P4=",
        "ref": "refs/heads/main",
        "rev": "12cc7dd2a8e860e9599448465be7b1362fdf7d88",
        "revCount": 21,
        "type": "git",
        "url": "https://tangled.org/nandi.uk/vidya"
      },
      "original": {
        "type": "git",
        "url": "https://tangled.org/nandi.uk/vidya"
      }
    }
  },
  "root": "root",
  "version": 7
}
