{
  "nodes": {
    "nixpkgs": {
      "locked": {
        "lastModified": 1785454630,
        "narHash": "sha256-LQy14TZp77TwbQf40gg1V3jo8FwJG0jGDkAH+zRHqg8=",
        "owner": "NixOS",
        "repo": "nixpkgs",
        "rev": "1559d3daa3ecc813a650b79375ea61b6741b8746",
        "type": "github"
      },
      "original": {
        "owner": "NixOS",
        "ref": "nixos-unstable",
        "repo": "nixpkgs",
        "type": "github"
      }
    },
    "root": {
      "inputs": {
        "nixpkgs": "nixpkgs",
        "rust-overlay": "rust-overlay",
        "vidya": "vidya"
      }
    },
    "rust-overlay": {
      "inputs": {
        "nixpkgs": [
          "nixpkgs"
        ]
      },
      "locked": {
        "lastModified": 1785907205,
        "narHash": "sha256-Ds1vTi53af4wDMAveSR/K0JnywDslLwmgwhVIiwnNmY=",
        "owner": "oxalica",
        "repo": "rust-overlay",
        "rev": "c5cb13481d718fac906aa9cfd85f9b60e1a546cb",
        "type": "github"
      },
      "original": {
        "owner": "oxalica",
        "repo": "rust-overlay",
        "type": "github"
      }
    },
    "vidya": {
      "flake": false,
      "locked": {
        "lastModified": 1785634073,
        "narHash": "sha256-3lRMABykdWy7ZkHWzR7r+KhLq8QABsGY4SNGG/MARpA=",
        "ref": "refs/heads/main",
        "rev": "c50fcb45a22116c48b787230b295db202a1761fc",
        "revCount": 23,
        "type": "git",
        "url": "https://tangled.org/nandi.uk/vidya"
      },
      "original": {
        "type": "git",
        "url": "https://tangled.org/nandi.uk/vidya"
      }
    }
  },
  "root": "root",
  "version": 7
}
